{
    "name": "@ra2web/ra2web-custom-bot",
    "version": "0.0.1",
    "lockfileVersion": 3,
    "requires": true,
    "packages": {
        "": {
            "name": "@ra2web/ra2web-custom-bot",
            "version": "0.0.1",
            "license": "GNU General Public License v3.0",
            "dependencies": {
                "@datastructures-js/priority-queue": "^6.3.0",
                "@timohausmann/quadtree-ts": "2.2.2",
                "dotenv": "^16.3.1"
            },
            "devDependencies": {
                "@chronodivide/game-api": "^0.72.0",
                "@types/node": "^14.17.32",
                "prettier": "3.0.3",
                "typescript": "^4.3.5"
            },
            "peerDependencies": {
                "@chronodivide/game-api": "^0.72.0"
            }
        },
        "node_modules/@chronodivide/game-api": {
            "version": "0.72.0",
            "resolved": "https://registry.npmjs.org/@chronodivide/game-api/-/game-api-0.72.0.tgz",
            "integrity": "sha512-9394+SF7Y3E6p/lTnYsBBLzliSe1URULzsSaV+eBXbdrbdIprmCDKTXk19yxzs6XVSgcrdTWDTC5dxIWZQ8l5g==",
            "dev": true,
            "license": "UNLICENSED",
            "dependencies": {
                "@types/three": "^0.93.31",
                "es-dirname": "^0.1.0",
                "file-system-access": "^1.0.1",
                "three": "^0.94.0",
                "websocket-polyfill": "0.0.3"
            },
            "engines": {
                "node": ">=20"
            }
        },
        "node_modules/@datastructures-js/heap": {
            "version": "4.3.3",
            "resolved": "https://registry.npmjs.org/@datastructures-js/heap/-/heap-4.3.3.tgz",
            "integrity": "sha512-UcUu/DLh/aM4W3C8zZfwxxm6/6FIZUlm3mcAXuNOCa6Aj4iizNvNXQyb8DjZQH2jKSQbMRyNlngP6TPimuGjpQ==",
            "license": "MIT"
        },
        "node_modules/@datastructures-js/priority-queue": {
            "version": "6.3.3",
            "resolved": "https://registry.npmjs.org/@datastructures-js/priority-queue/-/priority-queue-6.3.3.tgz",
            "integrity": "sha512-CIbUf0h4TPu1tHJ2gV4OTjwPkh7XZNb37u44bwoW6Py2vPdgaRUhFh3qFET6jvhyMNq/+ChWfOBRh+9s5WUtvA==",
            "license": "MIT",
            "dependencies": {
                "@datastructures-js/heap": "^4.3.3"
            }
        },
        "node_modules/@timohausmann/quadtree-ts": {
            "version": "2.2.2",
            "resolved": "https://registry.npmjs.org/@timohausmann/quadtree-ts/-/quadtree-ts-2.2.2.tgz",
            "integrity": "sha512-emYbmmbTb+S3F75yvt03KQ3pMO3v/4BzjbAVnflbYq3zJfcurTfZHeriK8o7T0lFzBz3kBw2Pn41vlK3pD8spw==",
            "license": "MIT"
        },
        "node_modules/@types/node": {
            "version": "14.18.63",
            "resolved": "https://registry.npmjs.org/@types/node/-/node-14.18.63.tgz",
            "integrity": "sha512-fAtCfv4jJg+ExtXhvCkCqUKZ+4ok/JQk01qDKhL5BDDoS3AxKXhV5/MAVUZyQnSEd2GT92fkgZl0pz0Q0AzcIQ==",
            "dev": true,
            "license": "MIT"
        },
        "node_modules/@types/three": {
            "version": "0.93.31",
            "resolved": "https://registry.npmjs.org/@types/three/-/three-0.93.31.tgz",
            "integrity": "sha512-lR9eLY3gnrUDAdW4ujITgVTPEv1Oy2yoL3LlfKAnjQuzyjGSR+PvQuXuWmaDCD1IyWhkqbnol1nJwaW0MGe35A==",
            "dev": true,
            "license": "MIT"
        },
        "node_modules/@types/wicg-file-system-access": {
            "version": "2020.9.8",
            "resolved": "https://registry.npmjs.org/@types/wicg-file-system-access/-/wicg-file-system-access-2020.9.8.tgz",
            "integrity": "sha512-ggMz8nOygG7d/stpH40WVaNvBwuyYLnrg5Mbyf6bmsj/8+gb6Ei4ZZ9/4PNpcPNTT8th9Q8sM8wYmWGjMWLX/A==",
            "dev": true,
            "license": "MIT"
        },
        "node_modules/bufferutil": {
            "version": "4.0.9",
            "resolved": "https://registry.npmjs.org/bufferutil/-/bufferutil-4.0.9.tgz",
            "integrity": "sha512-WDtdLmJvAuNNPzByAYpRo2rF1Mmradw6gvWsQKf63476DDXmomT9zUiGypLcG4ibIM67vhAj8jJRdbmEws2Aqw==",
            "dev": true,
            "hasInstallScript": true,
            "license": "MIT",
            "dependencies": {
                "node-gyp-build": "^4.3.0"
            },
            "engines": {
                "node": ">=6.14.2"
            }
        },
        "node_modules/d": {
            "version": "1.0.2",
            "resolved": "https://registry.npmjs.org/d/-/d-1.0.2.tgz",
            "integrity": "sha512-MOqHvMWF9/9MX6nza0KgvFH4HpMU0EF5uUDXqX/BtxtU8NfB0QzRtJ8Oe/6SuS4kbhyzVJwjd97EA4PKrzJ8bw==",
            "dev": true,
            "license": "ISC",
            "dependencies": {
                "es5-ext": "^0.10.64",
                "type": "^2.7.2"
            },
            "engines": {
                "node": ">=0.12"
            }
        },
        "node_modules/debug": {
            "version": "2.6.9",
            "resolved": "https://registry.npmjs.org/debug/-/debug-2.6.9.tgz",
            "integrity": "sha512-bC7ElrdJaJnPbAP+1EotYvqZsb3ecl5wi6Bfi6BJTUcNowp6cvspg0jXznRTKDjm/E7AdgFBVeAPVMNcKGsHMA==",
            "dev": true,
            "license": "MIT",
            "dependencies": {
                "ms": "2.0.0"
            }
        },
        "node_modules/dotenv": {
            "version": "16.6.1",
            "resolved": "https://registry.npmjs.org/dotenv/-/dotenv-16.6.1.tgz",
            "integrity": "sha512-uBq4egWHTcTt33a72vpSG0z3HnPuIl6NqYcTrKEg2azoEyl2hpW0zqlxysq2pK9HlDIHyHyakeYaYnSAwd8bow==",
            "license": "BSD-2-Clause",
            "engines": {
                "node": ">=12"
            },
            "funding": {
                "url": "https://dotenvx.com"
            }
        },
        "node_modules/es-dirname": {
            "version": "0.1.0",
            "resolved": "https://registry.npmjs.org/es-dirname/-/es-dirname-0.1.0.tgz",
            "integrity": "sha512-tcTj4pVFXe5EdiHCybjynDTlvkwuNN6JCg9+5BVB+n9qQoMyWOtxpREoL7rGO3sCIAX55Y6CYZi4s1c30uxvPg==",
            "deprecated": "This package is deprecated. Thanks for using it. Use `import.meta.dirname` now in ES modules instead.",
            "dev": true
        },
        "node_modules/es5-ext": {
            "version": "0.10.64",
            "resolved": "https://registry.npmjs.org/es5-ext/-/es5-ext-0.10.64.tgz",
            "integrity": "sha512-p2snDhiLaXe6dahss1LddxqEm+SkuDvV8dnIQG0MWjyHpcMNfXKPE+/Cc0y+PhxJX3A4xGNeFCj5oc0BUh6deg==",
            "dev": true,
            "hasInstallScript": true,
            "license": "ISC",
            "dependencies": {
                "es6-iterator": "^2.0.3",
                "es6-symbol": "^3.1.3",
                "esniff": "^2.0.1",
                "next-tick": "^1.1.0"
            },
            "engines": {
                "node": ">=0.10"
            }
        },
        "node_modules/es6-iterator": {
            "version": "2.0.3",
            "resolved": "https://registry.npmjs.org/es6-iterator/-/es6-iterator-2.0.3.tgz",
            "integrity": "sha512-zw4SRzoUkd+cl+ZoE15A9o1oQd920Bb0iOJMQkQhl3jNc03YqVjAhG7scf9C5KWRU/R13Orf588uCC6525o02g==",
            "dev": true,
            "license": "MIT",
            "dependencies": {
                "d": "1",
                "es5-ext": "^0.10.35",
                "es6-symbol": "^3.1.1"
            }
        },
        "node_modules/es6-symbol": {
            "version": "3.1.4",
            "resolved": "https://registry.npmjs.org/es6-symbol/-/es6-symbol-3.1.4.tgz",
            "integrity": "sha512-U9bFFjX8tFiATgtkJ1zg25+KviIXpgRvRHS8sau3GfhVzThRQrOeksPeT0BWW2MNZs1OEWJ1DPXOQMn0KKRkvg==",
            "dev": true,
            "license": "ISC",
            "dependencies": {
                "d": "^1.0.2",
                "ext": "^1.7.0"
            },
            "engines": {
                "node": ">=0.12"
            }
        },
        "node_modules/esniff": {
            "version": "2.0.1",
            "resolved": "https://registry.npmjs.org/esniff/-/esniff-2.0.1.tgz",
            "integrity": "sha512-kTUIGKQ/mDPFoJ0oVfcmyJn4iBDRptjNVIzwIFR7tqWXdVI9xfA2RMwY/gbSpJG3lkdWNEjLap/NqVHZiJsdfg==",
            "dev": true,
            "license": "ISC",
            "dependencies": {
                "d": "^1.0.1",
                "es5-ext": "^0.10.62",
                "event-emitter": "^0.3.5",
                "type": "^2.7.2"
            },
            "engines": {
                "node": ">=0.10"
            }
        },
        "node_modules/event-emitter": {
            "version": "0.3.5",
            "resolved": "https://registry.npmjs.org/event-emitter/-/event-emitter-0.3.5.tgz",
            "integrity": "sha512-D9rRn9y7kLPnJ+hMq7S/nhvoKwwvVJahBi2BPmx3bvbsEdK3W9ii8cBSGjP+72/LnM4n6fo3+dkCX5FeTQruXA==",
            "dev": true,
            "license": "MIT",
            "dependencies": {
                "d": "1",
                "es5-ext": "~0.10.14"
            }
        },
        "node_modules/ext": {
            "version": "1.7.0",
            "resolved": "https://registry.npmjs.org/ext/-/ext-1.7.0.tgz",
            "integrity": "sha512-6hxeJYaL110a9b5TEJSj0gojyHQAmA2ch5Os+ySCiA1QGdS697XWY1pzsrSjqA9LDEEgdB/KypIlR59RcLuHYw==",
            "dev": true,
            "license": "ISC",
            "dependencies": {
                "type": "^2.7.2"
            }
        },
        "node_modules/fetch-blob": {
            "version": "3.2.0",
            "resolved": "https://registry.npmjs.org/fetch-blob/-/fetch-blob-3.2.0.tgz",
            "integrity": "sha512-7yAQpD2UMJzLi1Dqv7qFYnPbaPx7ZfFK6PiIxQ4PfkGPyNyl2Ugx+a/umUonmKqjhM4DnfbMvdX6otXq83soQQ==",
            "dev": true,
            "funding": [
                {
                    "type": "github",
                    "url": "https://github.com/sponsors/jimmywarting"
                },
                {
                    "type": "paypal",
                    "url": "https://paypal.me/jimmywarting"
                }
            ],
            "license": "MIT",
            "dependencies": {
                "node-domexception": "^1.0.0",
                "web-streams-polyfill": "^3.0.3"
            },
            "engines": {
                "node": "^12.20 || >= 14.13"
            }
        },
        "node_modules/file-system-access": {
            "version": "1.0.4",
            "resolved": "https://registry.npmjs.org/file-system-access/-/file-system-access-1.0.4.tgz",
            "integrity": "sha512-JDlhH+gJfZu/oExmtN4/6VX+q1etlrbJbR5uzoBa4BzfTRQbEXGFuGIBRk3ZcPocko3WdEclZSu+d/SByjG6Rg==",
            "dev": true,
            "license": "MIT",
            "dependencies": {
                "@types/wicg-file-system-access": "^2020.9.2",
                "fetch-blob": "^3.0.0",
                "node-domexception": "^1.0.0"
            },
            "engines": {
                "node": ">=14"
            },
            "optionalDependencies": {
                "web-streams-polyfill": "^3.1.0"
            }
        },
        "node_modules/is-typedarray": {
            "version": "1.0.0",
            "resolved": "https://registry.npmjs.org/is-typedarray/-/is-typedarray-1.0.0.tgz",
            "integrity": "sha512-cyA56iCMHAh5CdzjJIa4aohJyeO1YbwLi3Jc35MmRU6poroFjIGZzUzupGiRPOjgHg9TLu43xbpwXk523fMxKA==",
            "dev": true,
            "license": "MIT"
        },
        "node_modules/ms": {
            "version": "2.0.0",
            "resolved": "https://registry.npmjs.org/ms/-/ms-2.0.0.tgz",
            "integrity": "sha512-Tpp60P6IUJDTuOq/5Z8cdskzJujfwqfOTkrwIwj7IRISpnkJnT6SyJ4PCPnGMoFjC9ddhal5KVIYtAt97ix05A==",
            "dev": true,
            "license": "MIT"
        },
        "node_modules/next-tick": {
            "version": "1.1.0",
            "resolved": "https://registry.npmjs.org/next-tick/-/next-tick-1.1.0.tgz",
            "integrity": "sha512-CXdUiJembsNjuToQvxayPZF9Vqht7hewsvy2sOWafLvi2awflj9mOC6bHIg50orX8IJvWKY9wYQ/zB2kogPslQ==",
            "dev": true,
            "license": "ISC"
        },
        "node_modules/node-domexception": {
            "version": "1.0.0",
            "resolved": "https://registry.npmjs.org/node-domexception/-/node-domexception-1.0.0.tgz",
            "integrity": "sha512-/jKZoMpw0F8GRwl4/eLROPA3cfcXtLApP0QzLmUT/HuPCZWyB7IY9ZrMeKw2O/nFIqPQB3PVM9aYm0F312AXDQ==",
            "deprecated": "Use your platform's native DOMException instead",
            "dev": true,
            "funding": [
                {
                    "type": "github",
                    "url": "https://github.com/sponsors/jimmywarting"
                },
                {
                    "type": "github",
                    "url": "https://paypal.me/jimmywarting"
                }
            ],
            "license": "MIT",
            "engines": {
                "node": ">=10.5.0"
            }
        },
        "node_modules/node-gyp-build": {
            "version": "4.8.4",
            "resolved": "https://registry.npmjs.org/node-gyp-build/-/node-gyp-build-4.8.4.tgz",
            "integrity": "sha512-LA4ZjwlnUblHVgq0oBF3Jl/6h/Nvs5fzBLwdEF4nuxnFdsfajde4WfxtJr3CaiH+F6ewcIB/q4jQ4UzPyid+CQ==",
            "dev": true,
            "license": "MIT",
            "bin": {
                "node-gyp-build": "bin.js",
                "node-gyp-build-optional": "optional.js",
                "node-gyp-build-test": "build-test.js"
            }
        },
        "node_modules/prettier": {
            "version": "3.0.3",
            "resolved": "https://registry.npmjs.org/prettier/-/prettier-3.0.3.tgz",
            "integrity": "sha512-L/4pUDMxcNa8R/EthV08Zt42WBO4h1rarVtK0K+QJG0X187OLo7l699jWw0GKuwzkPQ//jMFA/8Xm6Fh3J/DAg==",
            "dev": true,
            "license": "MIT",
            "bin": {
                "prettier": "bin/prettier.cjs"
            },
            "engines": {
                "node": ">=14"
            },
            "funding": {
                "url": "https://github.com/prettier/prettier?sponsor=1"
            }
        },
        "node_modules/three": {
            "version": "0.94.0",
            "resolved": "https://registry.npmjs.org/three/-/three-0.94.0.tgz",
            "integrity": "sha512-UFyqFrb/CaTAHStYaPNxNeddNo/wlApRMJK0oIWjx5WMj/xhgXWKMRuAJ+leZBIA4wgeqifrbjKiwmNiysgMLg==",
            "dev": true,
            "license": "MIT"
        },
        "node_modules/tstl": {
            "version": "2.5.16",
            "resolved": "https://registry.npmjs.org/tstl/-/tstl-2.5.16.tgz",
            "integrity": "sha512-+O2ybLVLKcBwKm4HymCEwZIT0PpwS3gCYnxfSDEjJEKADvIFruaQjd3m7CAKNU1c7N3X3WjVz87re7TA2A5FUw==",
            "dev": true,
            "license": "MIT"
        },
        "node_modules/type": {
            "version": "2.7.3",
            "resolved": "https://registry.npmjs.org/type/-/type-2.7.3.tgz",
            "integrity": "sha512-8j+1QmAbPvLZow5Qpi6NCaN8FB60p/6x8/vfNqOk/hC+HuvFZhL4+WfekuhQLiqFZXOgQdrs3B+XxEmCc6b3FQ==",
            "dev": true,
            "license": "ISC"
        },
        "node_modules/typedarray-to-buffer": {
            "version": "3.1.5",
            "resolved": "https://registry.npmjs.org/typedarray-to-buffer/-/typedarray-to-buffer-3.1.5.tgz",
            "integrity": "sha512-zdu8XMNEDepKKR+XYOXAVPtWui0ly0NtohUscw+UmaHiAWT8hrV1rr//H6V+0DvJ3OQ19S979M0laLfX8rm82Q==",
            "dev": true,
            "license": "MIT",
            "dependencies": {
                "is-typedarray": "^1.0.0"
            }
        },
        "node_modules/typescript": {
            "version": "4.9.5",
            "resolved": "https://registry.npmjs.org/typescript/-/typescript-4.9.5.tgz",
            "integrity": "sha512-1FXk9E2Hm+QzZQ7z+McJiHL4NW1F2EzMu9Nq9i3zAaGqibafqYwCVU6WyWAuyQRRzOlxou8xZSyXLEN8oKj24g==",
            "dev": true,
            "license": "Apache-2.0",
            "bin": {
                "tsc": "bin/tsc",
                "tsserver": "bin/tsserver"
            },
            "engines": {
                "node": ">=4.2.0"
            }
        },
        "node_modules/utf-8-validate": {
            "version": "5.0.10",
            "resolved": "https://registry.npmjs.org/utf-8-validate/-/utf-8-validate-5.0.10.tgz",
            "integrity": "sha512-Z6czzLq4u8fPOyx7TU6X3dvUZVvoJmxSQ+IcrlmagKhilxlhZgxPK6C5Jqbkw1IDUmFTM+cz9QDnnLTwDz/2gQ==",
            "dev": true,
            "hasInstallScript": true,
            "license": "MIT",
            "dependencies": {
                "node-gyp-build": "^4.3.0"
            },
            "engines": {
                "node": ">=6.14.2"
            }
        },
        "node_modules/web-streams-polyfill": {
            "version": "3.3.3",
            "resolved": "https://registry.npmjs.org/web-streams-polyfill/-/web-streams-polyfill-3.3.3.tgz",
            "integrity": "sha512-d2JWLCivmZYTSIoge9MsgFCZrt571BikcWGYkjC1khllbTeDlGqZ2D8vD8E/lJa8WGWbb7Plm8/XJYV7IJHZZw==",
            "dev": true,
            "license": "MIT",
            "engines": {
                "node": ">= 8"
            }
        },
        "node_modules/websocket": {
            "version": "1.0.35",
            "resolved": "https://registry.npmjs.org/websocket/-/websocket-1.0.35.tgz",
            "integrity": "sha512-/REy6amwPZl44DDzvRCkaI1q1bIiQB0mEFQLUrhz3z2EK91cp3n72rAjUlrTP0zV22HJIUOVHQGPxhFRjxjt+Q==",
            "dev": true,
            "license": "Apache-2.0",
            "dependencies": {
                "bufferutil": "^4.0.1",
                "debug": "^2.2.0",
                "es5-ext": "^0.10.63",
                "typedarray-to-buffer": "^3.1.5",
                "utf-8-validate": "^5.0.2",
                "yaeti": "^0.0.6"
            },
            "engines": {
                "node": ">=4.0.0"
            }
        },
        "node_modules/websocket-polyfill": {
            "version": "0.0.3",
            "resolved": "https://registry.npmjs.org/websocket-polyfill/-/websocket-polyfill-0.0.3.tgz",
            "integrity": "sha512-pF3kR8Uaoau78MpUmFfzbIRxXj9PeQrCuPepGE6JIsfsJ/o/iXr07Q2iQNzKSSblQJ0FiGWlS64N4pVSm+O3Dg==",
            "dev": true,
            "dependencies": {
                "tstl": "^2.0.7",
                "websocket": "^1.0.28"
            }
        },
        "node_modules/yaeti": {
            "version": "0.0.6",
            "resolved": "https://registry.npmjs.org/yaeti/-/yaeti-0.0.6.tgz",
            "integrity": "sha512-MvQa//+KcZCUkBTIC9blM+CU9J2GzuTytsOUwf2lidtvkx/6gnEp1QvJv34t9vdjhFmha/mUiNDbN0D0mJWdug==",
            "deprecated": "Package no longer supported. Contact Support at https://www.npmjs.com/support for more info.",
            "dev": true,
            "license": "MIT",
            "engines": {
                "node": ">=0.10.32"
            }
        }
    }
}
